// !$*UTF8*$!
{
	archiveVersion = 1;
	classes = {
	};
	objectVersion = 50;
	objects = {

/* Begin PBXBuildFile section */
		4A38ECA8250C273200E04E16 /* AppDelegate.swift in Sources */ = {isa = PBXBuildFile; fileRef = 4A38ECA7250C273200E04E16 /* AppDelegate.swift */; };
		4A38ECAA250C273200E04E16 /* SceneDelegate.swift in Sources */ = {isa = PBXBuildFile; fileRef = 4A38ECA9250C273200E04E16 /* SceneDelegate.swift */; };
		4A38ECAC250C273200E04E16 /* ViewController.swift in Sources */ = {isa = PBXBuildFile; fileRef = 4A38ECAB250C273200E04E16 /* ViewController.swift */; };
		4A38ECAF250C273200E04E16 /* Main.storyboard in Resources */ = {isa = PBXBuildFile; fileRef = 4A38ECAD250C273200E04E16 /* Main.storyboard */; };
		4A38ECB1250C273400E04E16 /* Assets.xcassets in Resources */ = {isa = PBXBuildFile; fileRef = 4A38ECB0250C273400E04E16 /* Assets.xcassets */; };
		4A38ECB4250C273400E04E16 /* LaunchScreen.storyboard in Resources */ = {isa = PBXBuildFile; fileRef = 4A38ECB2250C273400E04E16 /* LaunchScreen.storyboard */; };
		4A38ECBF250C273400E04E16 /* FlixTests.swift in Sources */ = {isa = PBXBuildFile; fileRef = 4A38ECBE250C273400E04E16 /* FlixTests.swift */; };
		4A38ECCA250C273400E04E16 /* FlixUITests.swift in Sources */ = {isa = PBXBuildFile; fileRef = 4A38ECC9250C273400E04E16 /* FlixUITests.swift */; };
		4A38ECD8250C708300E04E16 /* MovieCell.swift in Sources */ = {isa = PBXBuildFile; fileRef = 4A38ECD7250C708300E04E16 /* MovieCell.swift */; };
		552194851F7E40F0DADEA13F /* Pods_FlixTests.framework in Frameworks */ = {isa = PBXBuildFile; fileRef = 4B5AAAA1563A56A61BA64E8D /* Pods_FlixTests.framework */; };
		8603B8BE03271D1D6EEF1FA0 /* Pods_Flix.framework in Frameworks */ = {isa = PBXBuildFile; fileRef = 9659D2F2D3147278AF39D4B3 /* Pods_Flix.framework */; };
		E9D0EB95B00802897AE5C4EB /* Pods_Flix_FlixUITests.framework in Frameworks */ = {isa = PBXBuildFile; fileRef = 76E46A5D5A038ABC0963036B /* Pods_Flix_FlixUITests.framework */; };
/* End PBXBuildFile section */

/* Begin PBXContainerItemProxy section */
		4A38ECBB250C273400E04E16 /* PBXContainerItemProxy */ = {
			isa = PBXContainerItemProxy;
			containerPortal = 4A38EC9C250C273200E04E16 /* Project object */;
			proxyType = 1;
			remoteGlobalIDString = 4A38ECA3250C273200E04E16;
			remoteInfo = Flix;
		};
		4A38ECC6250C273400E04E16 /* PBXContainerItemProxy */ = {
			isa = PBXContainerItemProxy;
			containerPortal = 4A38EC9C250C273200E04E16 /* Project object */;
			proxyType = 1;
			remoteGlobalIDString = 4A38ECA3250C273200E04E16;
			remoteInfo = Flix;
		};
/* End PBXContainerItemProxy section */

/* Begin PBXFileReference section */
		09D11A807BA627AAB33D9D0C /* Pods-FlixTests.release.xcconfig */ = {isa = PBXFileReference; includeInIndex = 1; lastKnownFileType = text.xcconfig; name = "Pods-FlixTests.release.xcconfig"; path = "Target Support Files/Pods-FlixTests/Pods-FlixTests.release.xcconfig"; sourceTree = "<group>"; };
		1D0F8C38A09829637063C379 /* Pods-Flix.debug.xcconfig */ = {isa = PBXFileReference; includeInIndex = 1; lastKnownFileType = text.xcconfig; name = "Pods-Flix.debug.xcconfig"; path = "Target Support Files/Pods-Flix/Pods-Flix.debug.xcconfig"; sourceTree = "<group>"; };
		31BBDCE0D355E634061DCB19 /* Pods-Flix.release.xcconfig */ = {isa = PBXFileReference; includeInIndex = 1; lastKnownFileType = text.xcconfig; name = "Pods-Flix.release.xcconfig"; path = "Target Support Files/Pods-Flix/Pods-Flix.release.xcconfig"; sourceTree = "<group>"; };
		4A38ECA4250C273200E04E16 /* Flix.app */ = {isa = PBXFileReference; explicitFileType = wrapper.application; includeInIndex = 0; path = Flix.app; sourceTree = BUILT_PRODUCTS_DIR; };
		4A38ECA7250C273200E04E16 /* AppDelegate.swift */ = {isa = PBXFileReference; lastKnownFileType = sourcecode.swift; path = AppDelegate.swift; sourceTree = "<group>"; };
		4A38ECA9250C273200E04E16 /* SceneDelegate.swift */ = {isa = PBXFileReference; lastKnownFileType = sourcecode.swift; path = SceneDelegate.swift; sourceTree = "<group>"; };
		4A38ECAB250C273200E04E16 /* ViewController.swift */ = {isa = PBXFileReference; lastKnownFileType = sourcecode.swift; path = ViewController.swift; sourceTree = "<group>"; };
		4A38ECAE250C273200E04E16 /* Base */ = {isa = PBXFileReference; lastKnownFileType = file.storyboard; name = Base; path = Base.lproj/Main.storyboard; sourceTree = "<group>"; };
		4A38ECB0250C273400E04E16 /* Assets.xcassets */ = {isa = PBXFileReference; lastKnownFileType = folder.assetcatalog; path = Assets.xcassets; sourceTree = "<group>"; };
		4A38ECB3250C273400E04E16 /* Base */ = {isa = PBXFileReference; lastKnownFileType = file.storyboard; name = Base; path = Base.lproj/LaunchScreen.storyboard; sourceTree = "<group>"; };
		4A38ECB5250C273400E04E16 /* Info.plist */ = {isa = PBXFileReference; lastKnownFileType = text.plist.xml; path = Info.plist; sourceTree = "<group>"; };
		4A38ECBA250C273400E04E16 /* FlixTests.xctest */ = {isa = PBXFileReference; explicitFileType = wrapper.cfbundle; includeInIndex = 0; path = FlixTests.xctest; sourceTree = BUILT_PRODUCTS_DIR; };
		4A38ECBE250C273400E04E16 /* FlixTests.swift */ = {isa = PBXFileReference; lastKnownFileType = sourcecode.swift; path = FlixTests.swift; sourceTree = "<group>"; };
		4A38ECC0250C273400E04E16 /* Info.plist */ = {isa = PBXFileReference; lastKnownFileType = text.plist.xml; path = Info.plist; sourceTree = "<group>"; };
		4A38ECC5250C273400E04E16 /* FlixUITests.xctest */ = {isa = PBXFileReference; explicitFileType = wrapper.cfbundle; includeInIndex = 0; path = FlixUITests.xctest; sourceTree = BUILT_PRODUCTS_DIR; };
		4A38ECC9250C273400E04E16 /* FlixUITests.swift */ = {isa = PBXFileReference; lastKnownFileType = sourcecode.swift; path = FlixUITests.swift; sourceTree = "<group>"; };
		4A38ECCB250C273400E04E16 /* Info.plist */ = {isa = PBXFileReference; lastKnownFileType = text.plist.xml; path = Info.plist; sourceTree = "<group>"; };
		4A38ECD7250C708300E04E16 /* MovieCell.swift */ = {isa = PBXFileReference; lastKnownFileType = sourcecode.swift; path = MovieCell.swift; sourceTree = "<group>"; };
		4B5AAAA1563A56A61BA64E8D /* Pods_FlixTests.framework */ = {isa = PBXFileReference; explicitFileType = wrapper.framework; includeInIndex = 0; path = Pods_FlixTests.framework; sourceTree = BUILT_PRODUCTS_DIR; };
		74D3750AE1F4824D104E2CB2 /* Pods-Flix-FlixUITests.debug.xcconfig */ = {isa = PBXFileReference; includeInIndex = 1; lastKnownFileType = text.xcconfig; name = "Pods-Flix-FlixUITests.debug.xcconfig"; path = "Target Support Files/Pods-Flix-FlixUITests/Pods-Flix-FlixUITests.debug.xcconfig"; sourceTree = "<group>"; };
		76E46A5D5A038ABC0963036B /* Pods_Flix_FlixUITests.framework */ = {isa = PBXFileReference; explicitFileType = wrapper.framework; includeInIndex = 0; path = Pods_Flix_FlixUITests.framework; sourceTree = BUILT_PRODUCTS_DIR; };
		9659D2F2D3147278AF39D4B3 /* Pods_Flix.framework */ = {isa = PBXFileReference; explicitFileType = wrapper.framework; includeInIndex = 0; path = Pods_Flix.framework; sourceTree = BUILT_PRODUCTS_DIR; };
		CBE66F1020C57483419F75A5 /* Pods-FlixTests.debug.xcconfig */ = {isa = PBXFileReference; includeInIndex = 1; lastKnownFileType = text.xcconfig; name = "Pods-FlixTests.debug.xcconfig"; path = "Target Support Files/Pods-FlixTests/Pods-FlixTests.debug.xcconfig"; sourceTree = "<group>"; };
		F55659DBA35757DA5C7ED1E1 /* Pods-Flix-FlixUITests.release.xcconfig */ = {isa = PBXFileReference; includeInIndex = 1; lastKnownFileType = text.xcconfig; name = "Pods-Flix-FlixUITests.release.xcconfig"; path = "Target Support Files/Pods-Flix-FlixUITests/Pods-Flix-FlixUITests.release.xcconfig"; sourceTree = "<group>"; };
/* End PBXFileReference section */

/* Begin PBXFrameworksBuildPhase section */
		4A38ECA1250C273200E04E16 /* Frameworks */ = {
			isa = PBXFrameworksBuildPhase;
			buildActionMask = 2147483647;
			files = (
				8603B8BE03271D1D6EEF1FA0 /* Pods_Flix.framework in Frameworks */,
			);
			runOnlyForDeploymentPostprocessing = 0;
		};
		4A38ECB7250C273400E04E16 /* Frameworks */ = {
			isa = PBXFrameworksBuildPhase;
			buildActionMask = 2147483647;
			files = (
				552194851F7E40F0DADEA13F /* Pods_FlixTests.framework in Frameworks */,
			);
			runOnlyForDeploymentPostprocessing = 0;
		};
		4A38ECC2250C273400E04E16 /* Frameworks */ = {
			isa = PBXFrameworksBuildPhase;
			buildActionMask = 2147483647;
			files = (
				E9D0EB95B00802897AE5C4EB /* Pods_Flix_FlixUITests.framework in Frameworks */,
			);
			runOnlyForDeploymentPostprocessing = 0;
		};
/* End PBXFrameworksBuildPhase section */

/* Begin PBXGroup section */
		4A38EC9B250C273200E04E16 = {
			isa = PBXGroup;
			children = (
				4A38ECA6250C273200E04E16 /* Flix */,
				4A38ECBD250C273400E04E16 /* FlixTests */,
				4A38ECC8250C273400E04E16 /* FlixUITests */,
				4A38ECA5250C273200E04E16 /* Products */,
				CABFB4826AF78B4420D3F989 /* Pods */,
				95F0F90A8660547B30648014 /* Frameworks */,
			);
			sourceTree = "<group>";
		};
		4A38ECA5250C273200E04E16 /* Products */ = {
			isa = PBXGroup;
			children = (
				4A38ECA4250C273200E04E16 /* Flix.app */,
				4A38ECBA250C273400E04E16 /* FlixTests.xctest */,
				4A38ECC5250C273400E04E16 /* FlixUITests.xctest */,
			);
			name = Products;
			sourceTree = "<group>";
		};
		4A38ECA6250C273200E04E16 /* Flix */ = {
			isa = PBXGroup;
			children = (
				4A38ECA7250C273200E04E16 /* AppDelegate.swift */,
				4A38ECA9250C273200E04E16 /* SceneDelegate.swift */,
				4A38ECAB250C273200E04E16 /* ViewController.swift */,
				4A38ECAD250C273200E04E16 /* Main.storyboard */,
				4A38ECB0250C273400E04E16 /* Assets.xcassets */,
				4A38ECB2250C273400E04E16 /* LaunchScreen.storyboard */,
				4A38ECB5250C273400E04E16 /* Info.plist */,
				4A38ECD7250C708300E04E16 /* MovieCell.swift */,
			);
			path = Flix;
			sourceTree = "<group>";
		};
		4A38ECBD250C273400E04E16 /* FlixTests */ = {
			isa = PBXGroup;
			children = (
				4A38ECBE250C273400E04E16 /* FlixTests.swift */,
				4A38ECC0250C273400E04E16 /* Info.plist */,
			);
			path = FlixTests;
			sourceTree = "<group>";
		};
		4A38ECC8250C273400E04E16 /* FlixUITests */ = {
			isa = PBXGroup;
			children = (
				4A38ECC9250C273400E04E16 /* FlixUITests.swift */,
				4A38ECCB250C273400E04E16 /* Info.plist */,
			);
			path = FlixUITests;
			sourceTree = "<group>";
		};
		95F0F90A8660547B30648014 /* Frameworks */ = {
			isa = PBXGroup;
			children = (
				9659D2F2D3147278AF39D4B3 /* Pods_Flix.framework */,
				76E46A5D5A038ABC0963036B /* Pods_Flix_FlixUITests.framework */,
				4B5AAAA1563A56A61BA64E8D /* Pods_FlixTests.framework */,
			);
			name = Frameworks;
			sourceTree = "<group>";
		};
		CABFB4826AF78B4420D3F989 /* Pods */ = {
			isa = PBXGroup;
			children = (
				1D0F8C38A09829637063C379 /* Pods-Flix.debug.xcconfig */,
				31BBDCE0D355E634061DCB19 /* Pods-Flix.release.xcconfig */,
				74D3750AE1F4824D104E2CB2 /* Pods-Flix-FlixUITests.debug.xcconfig */,
				F55659DBA35757DA5C7ED1E1 /* Pods-Flix-FlixUITests.release.xcconfig */,
				CBE66F1020C57483419F75A5 /* Pods-FlixTests.debug.xcconfig */,
				09D11A807BA627AAB33D9D0C /* Pods-FlixTests.release.xcconfig */,
			);
			name = Pods;
			path = Pods;
			sourceTree = "<group>";
		};
/* End PBXGroup section */

/* Begin PBXNativeTarget section */
		4A38ECA3250C273200E04E16 /* Flix */ = {
			isa = PBXNativeTarget;
			buildConfigurationList = 4A38ECCE250C273400E04E16 /* Build configuration list for PBXNativeTarget "Flix" */;
			buildPhases = (
				0341EAEFCF47E00D64982265 /* [CP] Check Pods Manifest.lock */,
				4A38ECA0250C273200E04E16 /* Sources */,
				4A38ECA1250C273200E04E16 /* Frameworks */,
				4A38ECA2250C273200E04E16 /* Resources */,
				FD13B8D6D2E20C324250F229 /* [CP] Embed Pods Frameworks */,
			);
			buildRules = (
			);
			dependencies = (
			);
			name = Flix;
			productName = Flix;
			productReference = 4A38ECA4250C273200E04E16 /* Flix.app */;
			productType = "com.apple.product-type.application";
		};
		4A38ECB9250C273400E04E16 /* FlixTests */ = {
			isa = PBXNativeTarget;
			buildConfigurationList = 4A38ECD1250C273400E04E16 /* Build configuration list for PBXNativeTarget "FlixTests" */;
			buildPhases = (
				D99E931E5D7045BAE3A57258 /* [CP] Check Pods Manifest.lock */,
				4A38ECB6250C273400E04E16 /* Sources */,
				4A38ECB7250C273400E04E16 /* Frameworks */,
				4A38ECB8250C273400E04E16 /* Resources */,
			);
			buildRules = (
			);
			dependencies = (
				4A38ECBC250C273400E04E16 /* PBXTargetDependency */,
			);
			name = FlixTests;
			productName = FlixTests;
			productReference = 4A38ECBA250C273400E04E16 /* FlixTests.xctest */;
			productType = "com.apple.product-type.bundle.unit-test";
		};
		4A38ECC4250C273400E04E16 /* FlixUITests */ = {
			isa = PBXNativeTarget;
			buildConfigurationList = 4A38ECD4250C273400E04E16 /* Build configuration list for PBXNativeTarget "FlixUITests" */;
			buildPhases = (
				A2C00A7F6418E7FA24A0D51B /* [CP] Check Pods Manifest.lock */,
				4A38ECC1250C273400E04E16 /* Sources */,
				4A38ECC2250C273400E04E16 /* Frameworks */,
				4A38ECC3250C273400E04E16 /* Resources */,
				E0C7CC8510F71CA6F60E6CFD /* [CP] Embed Pods Frameworks */,
			);
			buildRules = (
			);
			dependencies = (
				4A38ECC7250C273400E04E16 /* PBXTargetDependency */,
			);
			name = FlixUITests;
			productName = FlixUITests;
			productReference = 4A38ECC5250C273400E04E16 /* FlixUITests.xctest */;
			productType = "com.apple.product-type.bundle.ui-testing";
		};
/* End PBXNativeTarget section */

/* Begin PBXProject section */
		4A38EC9C250C273200E04E16 /* Project object */ = {
			isa = PBXProject;
			attributes = {
				LastSwiftUpdateCheck = 1170;
				LastUpgradeCheck = 1170;
				ORGANIZATIONNAME = CodePath;
				TargetAttributes = {
					4A38ECA3250C273200E04E16 = {
						CreatedOnToolsVersion = 11.7;
					};
					4A38ECB9250C273400E04E16 = {
						CreatedOnToolsVersion = 11.7;
						TestTargetID = 4A38ECA3250C273200E04E16;
					};
					4A38ECC4250C273400E04E16 = {
						CreatedOnToolsVersion = 11.7;
						TestTargetID = 4A38ECA3250C273200E04E16;
					};
				};
			};
			buildConfigurationList = 4A38EC9F250C273200E04E16 /* Build configuration list for PBXProject "Flix" */;
			compatibilityVersion = "Xcode 9.3";
			developmentRegion = en;
			hasScannedForEncodings = 0;
			knownRegions = (
				en,
				Base,
			);
			mainGroup = 4A38EC9B250C273200E04E16;
			productRefGroup = 4A38ECA5250C273200E04E16 /* Products */;
			projectDirPath = "";
			projectRoot = "";
			targets = (
				4A38ECA3250C273200E04E16 /* Flix */,
				4A38ECB9250C273400E04E16 /* FlixTests */,
				4A38ECC4250C273400E04E16 /* FlixUITests */,
			);
		};
/* End PBXProject section */

/* Begin PBXResourcesBuildPhase section */
		4A38ECA2250C273200E04E16 /* Resources */ = {
			isa = PBXResourcesBuildPhase;
			buildActionMask = 2147483647;
			files = (
				4A38ECB4250C273400E04E16 /* LaunchScreen.storyboard in Resources */,
				4A38ECB1250C273400E04E16 /* Assets.xcassets in Resources */,
				4A38ECAF250C273200E04E16 /* Main.storyboard in Resources */,
			);
			runOnlyForDeploymentPostprocessing = 0;
		};
		4A38ECB8250C273400E04E16 /* Resources */ = {
			isa = PBXResourcesBuildPhase;
			buildActionMask = 2147483647;
			files = (
			);
			runOnlyForDeploymentPostprocessing = 0;
		};
		4A38ECC3250C273400E04E16 /* Resources */ = {
			isa = PBXResourcesBuildPhase;
			buildActionMask = 2147483647;
			files = (
			);
			runOnlyForDeploymentPostprocessing = 0;
		};
/* End PBXResourcesBuildPhase section */

/* Begin PBXShellScriptBuildPhase section */
		0341EAEFCF47E00D64982265 /* [CP] Check Pods Manifest.lock */ = {
			isa = PBXShellScriptBuildPhase;
			buildActionMask = 2147483647;
			files = (
			);
			inputFileListPaths = (
			);
			inputPaths = (
				"${PODS_PODFILE_DIR_PATH}/Podfile.lock",
				"${PODS_ROOT}/Manifest.lock",
			);
			name = "[CP] Check Pods Manifest.lock";
			outputFileListPaths = (
			);
			outputPaths = (
				"$(DERIVED_FILE_DIR)/Pods-Flix-checkManifestLockResult.txt",
			);
			runOnlyForDeploymentPostprocessing = 0;
			shellPath = /bin/sh;
			shellScript = "diff \"${PODS_PODFILE_DIR_PATH}/Podfile.lock\" \"${PODS_ROOT}/Manifest.lock\" > /dev/null\nif [ $? != 0 ] ; then\n    # print error to STDERR\n    echo \"error: The sandbox is not in sync with the Podfile.lock. Run 'pod install' or update your CocoaPods installation.\" >&2\n    exit 1\nfi\n# This output is used by Xcode 'outputs' to avoid re-running this script phase.\necho \"SUCCESS\" > \"${SCRIPT_OUTPUT_FILE_0}\"\n";
			showEnvVarsInLog = 0;
		};
		A2C00A7F6418E7FA24A0D51B /* [CP] Check Pods Manifest.lock */ = {
			isa = PBXShellScriptBuildPhase;
			buildActionMask = 2147483647;
			files = (
			);
			inputFileListPaths = (
			);
			inputPaths = (
				"${PODS_PODFILE_DIR_PATH}/Podfile.lock",
				"${PODS_ROOT}/Manifest.lock",
			);
			name = "[CP] Check Pods Manifest.lock";
			outputFileListPaths = (
			);
			outputPaths = (
				"$(DERIVED_FILE_DIR)/Pods-Flix-FlixUITests-checkManifestLockResult.txt",
			);
			runOnlyForDeploymentPostprocessing = 0;
			shellPath = /bin/sh;
			shellScript = "diff \"${PODS_PODFILE_DIR_PATH}/Podfile.lock\" \"${PODS_ROOT}/Manifest.lock\" > /dev/null\nif [ $? != 0 ] ; then\n    # print error to STDERR\n    echo \"error: The sandbox is not in sync with the Podfile.lock. Run 'pod install' or update your CocoaPods installation.\" >&2\n    exit 1\nfi\n# This output is used by Xcode 'outputs' to avoid re-running this script phase.\necho \"SUCCESS\" > \"${SCRIPT_OUTPUT_FILE_0}\"\n";
			showEnvVarsInLog = 0;
		};
		D99E931E5D7045BAE3A57258 /* [CP] Check Pods Manifest.lock */ = {
			isa = PBXShellScriptBuildPhase;
			buildActionMask = 2147483647;
			files = (
			);
			inputFileListPaths = (
			);
			inputPaths = (
				"${PODS_PODFILE_DIR_PATH}/Podfile.lock",
				"${PODS_ROOT}/Manifest.lock",
			);
			name = "[CP] Check Pods Manifest.lock";
			outputFileListPaths = (
			);
			outputPaths = (
				"$(DERIVED_FILE_DIR)/Pods-FlixTests-checkManifestLockResult.txt",
			);
			runOnlyForDeploymentPostprocessing = 0;
			shellPath = /bin/sh;
			shellScript = "diff \"${PODS_PODFILE_DIR_PATH}/Podfile.lock\" \"${PODS_ROOT}/Manifest.lock\" > /dev/null\nif [ $? != 0 ] ; then\n    # print error to STDERR\n    echo \"error: The sandbox is not in sync with the Podfile.lock. Run 'pod install' or update your CocoaPods installation.\" >&2\n    exit 1\nfi\n# This output is used by Xcode 'outputs' to avoid re-running this script phase.\necho \"SUCCESS\" > \"${SCRIPT_OUTPUT_FILE_0}\"\n";
			showEnvVarsInLog = 0;
		};
		E0C7CC8510F71CA6F60E6CFD /* [CP] Embed Pods Frameworks */ = {
			isa = PBXShellScriptBuildPhase;
			buildActionMask = 2147483647;
			files = (
			);
			inputFileListPaths = (
				"${PODS_ROOT}/Target Support Files/Pods-Flix-FlixUITests/Pods-Flix-FlixUITests-frameworks-${CONFIGURATION}-input-files.xcfilelist",
			);
			name = "[CP] Embed Pods Frameworks";
			outputFileListPaths = (
				"${PODS_ROOT}/Target Support Files/Pods-Flix-FlixUITests/Pods-Flix-FlixUITests-frameworks-${CONFIGURATION}-output-files.xcfilelist",
			);
			runOnlyForDeploymentPostprocessing = 0;
			shellPath = /bin/sh;
			shellScript = "\"${PODS_ROOT}/Target Support Files/Pods-Flix-FlixUITests/Pods-Flix-FlixUITests-frameworks.sh\"\n";
			showEnvVarsInLog = 0;
		};
		FD13B8D6D2E20C324250F229 /* [CP] Embed Pods Frameworks */ = {
			isa = PBXShellScriptBuildPhase;
			buildActionMask = 2147483647;
			files = (
			);
			inputFileListPaths = (
				"${PODS_ROOT}/Target Support Files/Pods-Flix/Pods-Flix-frameworks-${CONFIGURATION}-input-files.xcfilelist",
			);
			name = "[CP] Embed Pods Frameworks";
			outputFileListPaths = (
				"${PODS_ROOT}/Target Support Files/Pods-Flix/Pods-Flix-frameworks-${CONFIGURATION}-output-files.xcfilelist",
			);
			runOnlyForDeploymentPostprocessing = 0;
			shellPath = /bin/sh;
			shellScript = "\"${PODS_ROOT}/Target Support Files/Pods-Flix/Pods-Flix-frameworks.sh\"\n";
			showEnvVarsInLog = 0;
		};
/* End PBXShellScriptBuildPhase section */

/* Begin PBXSourcesBuildPhase section */
		4A38ECA0250C273200E04E16 /* Sources */ = {
			isa = PBXSourcesBuildPhase;
			buildActionMask = 2147483647;
			files = (
				4A38ECAC250C273200E04E16 /* ViewController.swift in Sources */,
				4A38ECA8250C273200E04E16 /* AppDelegate.swift in Sources */,
				4A38ECD8250C708300E04E16 /* MovieCell.swift in Sources */,
				4A38ECAA250C273200E04E16 /* SceneDelegate.swift in Sources */,
			);
			runOnlyForDeploymentPostprocessing = 0;
		};
		4A38ECB6250C273400E04E16 /* Sources */ = {
			isa = PBXSourcesBuildPhase;
			buildActionMask = 2147483647;
			files = (
				4A38ECBF250C273400E04E16 /* FlixTests.swift in Sources */,
			);
			runOnlyForDeploymentPostprocessing = 0;
		};
		4A38ECC1250C273400E04E16 /* Sources */ = {
			isa = PBXSourcesBuildPhase;
			buildActionMask = 2147483647;
			files = (
				4A38ECCA250C273400E04E16 /* FlixUITests.swift in Sources */,
			);
			runOnlyForDeploymentPostprocessing = 0;
		};
/* End PBXSourcesBuildPhase section */

/* Begin PBXTargetDependency section */
		4A38ECBC250C273400E04E16 /* PBXTargetDependency */ = {
			isa = PBXTargetDependency;
			target = 4A38ECA3250C273200E04E16 /* Flix */;
			targetProxy = 4A38ECBB250C273400E04E16 /* PBXContainerItemProxy */;
		};
		4A38ECC7250C273400E04E16 /* PBXTargetDependency */ = {
			isa = PBXTargetDependency;
			target = 4A38ECA3250C273200E04E16 /* Flix */;
			targetProxy = 4A38ECC6250C273400E04E16 /* PBXContainerItemProxy */;
		};
/* End PBXTargetDependency section */

/* Begin PBXVariantGroup section */
		4A38ECAD250C273200E04E16 /* Main.storyboard */ = {
			isa = PBXVariantGroup;
			children = (
				4A38ECAE250C273200E04E16 /* Base */,
			);
			name = Main.storyboard;
			sourceTree = "<group>";
		};
		4A38ECB2250C273400E04E16 /* LaunchScreen.storyboard */ = {
			isa = PBXVariantGroup;
			children = (
				4A38ECB3250C273400E04E16 /* Base */,
			);
			name = LaunchScreen.storyboard;
			sourceTree = "<group>";
		};
/* End PBXVariantGroup section */

/* Begin XCBuildConfiguration section */
		4A38ECCC250C273400E04E16 /* Debug */ = {
			isa = XCBuildConfiguration;
			buildSettings = {
				ALWAYS_SEARCH_USER_PATHS = NO;
				CLANG_ANALYZER_NONNULL = YES;
				CLANG_ANALYZER_NUMBER_OBJECT_CONVERSION = YES_AGGRESSIVE;
				CLANG_CXX_LANGUAGE_STANDARD = "gnu++14";
				CLANG_CXX_LIBRARY = "libc++";
				CLANG_ENABLE_MODULES = YES;
				CLANG_ENABLE_OBJC_ARC = YES;
				CLANG_ENABLE_OBJC_WEAK = YES;
				CLANG_WARN_BLOCK_CAPTURE_AUTORELEASING = YES;
				CLANG_WARN_BOOL_CONVERSION = YES;
				CLANG_WARN_COMMA = YES;
				CLANG_WARN_CONSTANT_CONVERSION = YES;
				CLANG_WARN_DEPRECATED_OBJC_IMPLEMENTATIONS = YES;
				CLANG_WARN_DIRECT_OBJC_ISA_USAGE = YES_ERROR;
				CLANG_WARN_DOCUMENTATION_COMMENTS = YES;
				CLANG_WARN_EMPTY_BODY = YES;
				CLANG_WARN_ENUM_CONVERSION = YES;
				CLANG_WARN_INFINITE_RECURSION = YES;
				CLANG_WARN_INT_CONVERSION = YES;
				CLANG_WARN_NON_LITERAL_NULL_CONVERSION = YES;
				CLANG_WARN_OBJC_IMPLICIT_RETAIN_SELF = YES;
				CLANG_WARN_OBJC_LITERAL_CONVERSION = YES;
				CLANG_WARN_OBJC_ROOT_CLASS = YES_ERROR;
				CLANG_WARN_RANGE_LOOP_ANALYSIS = YES;
				CLANG_WARN_STRICT_PROTOTYPES = YES;
				CLANG_WARN_SUSPICIOUS_MOVE = YES;
				CLANG_WARN_UNGUARDED_AVAILABILITY = YES_AGGRESSIVE;
				CLANG_WARN_UNREACHABLE_CODE = YES;
				CLANG_WARN__DUPLICATE_METHOD_MATCH = YES;
				COPY_PHASE_STRIP = NO;
				DEBUG_INFORMATION_FORMAT = dwarf;
				ENABLE_STRICT_OBJC_MSGSEND = YES;
				ENABLE_TESTABILITY = YES;
				GCC_C_LANGUAGE_STANDARD = gnu11;
				GCC_DYNAMIC_NO_PIC = NO;
				GCC_NO_COMMON_BLOCKS = YES;
				GCC_OPTIMIZATION_LEVEL = 0;
				GCC_PREPROCESSOR_DEFINITIONS = (
					"DEBUG=1",
					"$(inherited)",
				);
				GCC_WARN_64_TO_32_BIT_CONVERSION = YES;
				GCC_WARN_ABOUT_RETURN_TYPE = YES_ERROR;
				GCC_WARN_UNDECLARED_SELECTOR = YES;
				GCC_WARN_UNINITIALIZED_AUTOS = YES_AGGRESSIVE;
				GCC_WARN_UNUSED_FUNCTION = YES;
				GCC_WARN_UNUSED_VARIABLE = YES;
				IPHONEOS_DEPLOYMENT_TARGET = 13.7;
				MTL_ENABLE_DEBUG_INFO = INCLUDE_SOURCE;
				MTL_FAST_MATH = YES;
				ONLY_ACTIVE_ARCH = YES;
				SDKROOT = iphoneos;
				SWIFT_ACTIVE_COMPILATION_CONDITIONS = DEBUG;
				SWIFT_OPTIMIZATION_LEVEL = "-Onone";
			};
			name = Debug;
		};
		4A38ECCD250C273400E04E16 /* Release */ = {
			isa = XCBuildConfiguration;
			buildSettings = {
				ALWAYS_SEARCH_USER_PATHS = NO;
				CLANG_ANALYZER_NONNULL = YES;
				CLANG_ANALYZER_NUMBER_OBJECT_CONVERSION = YES_AGGRESSIVE;
				CLANG_CXX_LANGUAGE_STANDARD = "gnu++14";
				CLANG_CXX_LIBRARY = "libc++";
				CLANG_ENABLE_MODULES = YES;
				CLANG_ENABLE_OBJC_ARC = YES;
				CLANG_ENABLE_OBJC_WEAK = YES;
				CLANG_WARN_BLOCK_CAPTURE_AUTORELEASING = YES;
				CLANG_WARN_BOOL_CONVERSION = YES;
				CLANG_WARN_COMMA = YES;
				CLANG_WARN_CONSTANT_CONVERSION = YES;
				CLANG_WARN_DEPRECATED_OBJC_IMPLEMENTATIONS = YES;
				CLANG_WARN_DIRECT_OBJC_ISA_USAGE = YES_ERROR;
				CLANG_WARN_DOCUMENTATION_COMMENTS = YES;
				CLANG_WARN_EMPTY_BODY = YES;
				CLANG_WARN_ENUM_CONVERSION = YES;
				CLANG_WARN_INFINITE_RECURSION = YES;
				CLANG_WARN_INT_CONVERSION = YES;
				CLANG_WARN_NON_LITERAL_NULL_CONVERSION = YES;
				CLANG_WARN_OBJC_IMPLICIT_RETAIN_SELF = YES;
				CLANG_WARN_OBJC_LITERAL_CONVERSION = YES;
				CLANG_WARN_OBJC_ROOT_CLASS = YES_ERROR;
				CLANG_WARN_RANGE_LOOP_ANALYSIS = YES;
				CLANG_WARN_STRICT_PROTOTYPES = YES;
				CLANG_WARN_SUSPICIOUS_MOVE = YES;
				CLANG_WARN_UNGUARDED_AVAILABILITY = YES_AGGRESSIVE;
				CLANG_WARN_UNREACHABLE_CODE = YES;
				CLANG_WARN__DUPLICATE_METHOD_MATCH = YES;
				COPY_PHASE_STRIP = NO;
				DEBUG_INFORMATION_FORMAT = "dwarf-with-dsym";
				ENABLE_NS_ASSERTIONS = NO;
				ENABLE_STRICT_OBJC_MSGSEND = YES;
				GCC_C_LANGUAGE_STANDARD = gnu11;
				GCC_NO_COMMON_BLOCKS = YES;
				GCC_WARN_64_TO_32_BIT_CONVERSION = YES;
				GCC_WARN_ABOUT_RETURN_TYPE = YES_ERROR;
				GCC_WARN_UNDECLARED_SELECTOR = YES;
				GCC_WARN_UNINITIALIZED_AUTOS = YES_AGGRESSIVE;
				GCC_WARN_UNUSED_FUNCTION = YES;
				GCC_WARN_UNUSED_VARIABLE = YES;
				IPHONEOS_DEPLOYMENT_TARGET = 13.7;
				MTL_ENABLE_DEBUG_INFO = NO;
				MTL_FAST_MATH = YES;
				SDKROOT = iphoneos;
				SWIFT_COMPILATION_MODE = wholemodule;
				SWIFT_OPTIMIZATION_LEVEL = "-O";
				VALIDATE_PRODUCT = YES;
			};
			name = Release;
		};
		4A38ECCF250C273400E04E16 /* Debug */ = {
			isa = XCBuildConfiguration;
			baseConfigurationReference = 1D0F8C38A09829637063C379 /* Pods-Flix.debug.xcconfig */;
			buildSettings = {
				ASSETCATALOG_COMPILER_APPICON_NAME = AppIcon;
				CODE_SIGN_STYLE = Automatic;
				INFOPLIST_FILE = Flix/Info.plist;
				LD_RUNPATH_SEARCH_PATHS = (
					"$(inherited)",
					"@executable_path/Frameworks",
				);
				PRODUCT_BUNDLE_IDENTIFIER = CodePath.Flix;
				PRODUCT_NAME = "$(TARGET_NAME)";
				SWIFT_VERSION = 5.0;
				TARGETED_DEVICE_FAMILY = "1,2";
			};
			name = Debug;
		};
		4A38ECD0250C273400E04E16 /* Release */ = {
			isa = XCBuildConfiguration;
			baseConfigurationReference = 31BBDCE0D355E634061DCB19 /* Pods-Flix.release.xcconfig */;
			buildSettings = {
				ASSETCATALOG_COMPILER_APPICON_NAME = AppIcon;
				CODE_SIGN_STYLE = Automatic;
				INFOPLIST_FILE = Flix/Info.plist;
				LD_RUNPATH_SEARCH_PATHS = (
					"$(inherited)",
					"@executable_path/Frameworks",
				);
				PRODUCT_BUNDLE_IDENTIFIER = CodePath.Flix;
				PRODUCT_NAME = "$(TARGET_NAME)";
				SWIFT_VERSION = 5.0;
				TARGETED_DEVICE_FAMILY = "1,2";
			};
			name = Release;
		};
		4A38ECD2250C273400E04E16 /* Debug */ = {
			isa = XCBuildConfiguration;
			baseConfigurationReference = CBE66F1020C57483419F75A5 /* Pods-FlixTests.debug.xcconfig */;
			buildSettings = {
				ALWAYS_EMBED_SWIFT_STANDARD_LIBRARIES = YES;
				BUNDLE_LOADER = "$(TEST_HOST)";
				CODE_SIGN_STYLE = Automatic;
				INFOPLIST_FILE = FlixTests/Info.plist;
				IPHONEOS_DEPLOYMENT_TARGET = 13.7;
				LD_RUNPATH_SEARCH_PATHS = (
					"$(inherited)",
					"@executable_path/Frameworks",
					"@loader_path/Frameworks",
				);
				PRODUCT_BUNDLE_IDENTIFIER = CodePath.FlixTests;
				PRODUCT_NAME = "$(TARGET_NAME)";
				SWIFT_VERSION = 5.0;
				TARGETED_DEVICE_FAMILY = "1,2";
				TEST_HOST = "$(BUILT_PRODUCTS_DIR)/Flix.app/Flix";
			};
			name = Debug;
		};
		4A38ECD3250C273400E04E16 /* Release */ = {
			isa = XCBuildConfiguration;
			baseConfigurationReference = 09D11A807BA627AAB33D9D0C /* Pods-FlixTests.release.xcconfig */;
			buildSettings = {
				ALWAYS_EMBED_SWIFT_STANDARD_LIBRARIES = YES;
				BUNDLE_LOADER = "$(TEST_HOST)";
				CODE_SIGN_STYLE = Automatic;
				INFOPLIST_FILE = FlixTests/Info.plist;
				IPHONEOS_DEPLOYMENT_TARGET = 13.7;
				LD_RUNPATH_SEARCH_PATHS = (
					"$(inherited)",
					"@executable_path/Frameworks",
					"@loader_path/Frameworks",
				);
				PRODUCT_BUNDLE_IDENTIFIER = CodePath.FlixTests;
				PRODUCT_NAME = "$(TARGET_NAME)";
				SWIFT_VERSION = 5.0;
				TARGETED_DEVICE_FAMILY = "1,2";
				TEST_HOST = "$(BUILT_PRODUCTS_DIR)/Flix.app/Flix";
			};
			name = Release;
		};
		4A38ECD5250C273400E04E16 /* Debug */ = {
			isa = XCBuildConfiguration;
			baseConfigurationReference = 74D3750AE1F4824D104E2CB2 /* Pods-Flix-FlixUITests.debug.xcconfig */;
			buildSettings = {
				ALWAYS_EMBED_SWIFT_STANDARD_LIBRARIES = YES;
				CODE_SIGN_STYLE = Automatic;
				INFOPLIST_FILE = FlixUITests/Info.plist;
				LD_RUNPATH_SEARCH_PATHS = (
					"$(inherited)",
					"@executable_path/Frameworks",
					"@loader_path/Frameworks",
				);
				PRODUCT_BUNDLE_IDENTIFIER = CodePath.FlixUITests;
				PRODUCT_NAME = "$(TARGET_NAME)";
				SWIFT_VERSION = 5.0;
				TARGETED_DEVICE_FAMILY = "1,2";
				TEST_TARGET_NAME = Flix;
			};
			name = Debug;
		};
		4A38ECD6250C273400E04E16 /* Release */ = {
			isa = XCBuildConfiguration;
			baseConfigurationReference = F55659DBA35757DA5C7ED1E1 /* Pods-Flix-FlixUITests.release.xcconfig */;
			buildSettings = {
				ALWAYS_EMBED_SWIFT_STANDARD_LIBRARIES = YES;
				CODE_SIGN_STYLE = Automatic;
				INFOPLIST_FILE = FlixUITests/Info.plist;
				LD_RUNPATH_SEARCH_PATHS = (
					"$(inherited)",
					"@executable_path/Frameworks",
					"@loader_path/Frameworks",
				);
				PRODUCT_BUNDLE_IDENTIFIER = CodePath.FlixUITests;
				PRODUCT_NAME = "$(TARGET_NAME)";
				SWIFT_VERSION = 5.0;
				TARGETED_DEVICE_FAMILY = "1,2";
				TEST_TARGET_NAME = Flix;
			};
			name = Release;
		};
/* End XCBuildConfiguration section */

/* Begin XCConfigurationList section */
		4A38EC9F250C273200E04E16 /* Build configuration list for PBXProject "Flix" */ = {
			isa = XCConfigurationList;
			buildConfigurations = (
				4A38ECCC250C273400E04E16 /* Debug */,
				4A38ECCD250C273400E04E16 /* Release */,
			);
			defaultConfigurationIsVisible = 0;
			defaultConfigurationName = Release;
		};
		4A38ECCE250C273400E04E16 /* Build configuration list for PBXNativeTarget "Flix" */ = {
			isa = XCConfigurationList;
			buildConfigurations = (
				4A38ECCF250C273400E04E16 /* Debug */,
				4A38ECD0250C273400E04E16 /* Release */,
			);
			defaultConfigurationIsVisible = 0;
			defaultConfigurationName = Release;
		};
		4A38ECD1250C273400E04E16 /* Build configuration list for PBXNativeTarget "FlixTests" */ = {
			isa = XCConfigurationList;
			buildConfigurations = (
				4A38ECD2250C273400E04E16 /* Debug */,
				4A38ECD3250C273400E04E16 /* Release */,
			);
			defaultConfigurationIsVisible = 0;
			defaultConfigurationName = Release;
		};
		4A38ECD4250C273400E04E16 /* Build configuration list for PBXNativeTarget "FlixUITests" */ = {
			isa = XCConfigurationList;
			buildConfigurations = (
				4A38ECD5250C273400E04E16 /* Debug */,
				4A38ECD6250C273400E04E16 /* Release */,
			);
			defaultConfigurationIsVisible = 0;
			defaultConfigurationName = Release;
		};
/* End XCConfigurationList section */
	};
	rootObject = 4A38EC9C250C273200E04E16 /* Project object */;
}
